
Microsoft Visual Studio Solution File, Format Version 12.00
# Visual Studio Version 17
VisualStudioVersion = 17.0.31919.166
MinimumVisualStudioVersion = 10.0.40219.1
Project("{FAE04EC0-301F-11D3-BF4B-00C04F79EFBC}") = "WebStore", "WebStore\WebStore.csproj", "{9F467054-8DAB-4D53-AF50-9BC14FA64266}"
EndProject
Global
	GlobalSection(SolutionConfigurationPlatforms) = preSolution
		Debug|Any CPU = Debug|Any CPU
		Release|Any CPU = Release|Any CPU
	EndGlobalSection
	GlobalSection(ProjectConfigurationPlatforms) = postSolution
		{9F467054-8DAB-4D53-AF50-9BC14FA64266}.Debug|Any CPU.ActiveCfg = Debug|Any CPU
		{9F467054-8DAB-4D53-AF50-9BC14FA64266}.Debug|Any CPU.Build.0 = Debug|Any CPU
		{9F467054-8DAB-4D53-AF50-9BC14FA64266}.Release|Any CPU.ActiveCfg = Release|Any CPU
		{9F467054-8DAB-4D53-AF50-9BC14FA64266}.Release|Any CPU.Build.0 = Release|Any CPU
	EndGlobalSection
	GlobalSection(SolutionProperties) = preSolution
		HideSolutionNode = FALSE
	EndGlobalSection
	GlobalSection(ExtensibilityGlobals) = postSolution
		SolutionGuid = {1EC71C80-15AA-4345-A880-91A28FF87613}
	EndGlobalSection
EndGlobal
