
Microsoft Visual Studio Solution File, Format Version 12.00
# Visual Studio Version 17
VisualStudioVersion = 17.0.31919.166
MinimumVisualStudioVersion = 10.0.40219.1
Project("{9A19103F-16F7-4668-BE54-9A1E7A4F7556}") = "WebStore", "WebStore\WebStore.csproj", "{9F467054-8DAB-4D53-AF50-9BC14FA64266}"
EndProject
Project("{2150E333-8FDC-42A3-9474-1A3956D46DE8}") = "Tests", "Tests", "{F93C1A8B-7293-42D9-98B2-2B6CA474C7DF}"
EndProject
Project("{9A19103F-16F7-4668-BE54-9A1E7A4F7556}") = "TestConsole", "Tests\TestConsole\TestConsole.csproj", "{D54FB22A-6D9D-4F09-96B5-D3641E15C132}"
EndProject
Project("{FAE04EC0-301F-11D3-BF4B-00C04F79EFBC}") = "WebStore.Domain", "WebStore.Domain\WebStore.Domain.csproj", "{48DECFC9-E422-45C3-820A-6239CDFFD693}"
EndProject
Global
	GlobalSection(SolutionConfigurationPlatforms) = preSolution
		Debug|Any CPU = Debug|Any CPU
		Release|Any CPU = Release|Any CPU
	EndGlobalSection
	GlobalSection(ProjectConfigurationPlatforms) = postSolution
		{9F467054-8DAB-4D53-AF50-9BC14FA64266}.Debug|Any CPU.ActiveCfg = Debug|Any CPU
		{9F467054-8DAB-4D53-AF50-9BC14FA64266}.Debug|Any CPU.Build.0 = Debug|Any CPU
		{9F467054-8DAB-4D53-AF50-9BC14FA64266}.Release|Any CPU.ActiveCfg = Release|Any CPU
		{9F467054-8DAB-4D53-AF50-9BC14FA64266}.Release|Any CPU.Build.0 = Release|Any CPU
		{D54FB22A-6D9D-4F09-96B5-D3641E15C132}.Debug|Any CPU.ActiveCfg = Debug|Any CPU
		{D54FB22A-6D9D-4F09-96B5-D3641E15C132}.Debug|Any CPU.Build.0 = Debug|Any CPU
		{D54FB22A-6D9D-4F09-96B5-D3641E15C132}.Release|Any CPU.ActiveCfg = Release|Any CPU
		{D54FB22A-6D9D-4F09-96B5-D3641E15C132}.Release|Any CPU.Build.0 = Release|Any CPU
		{48DECFC9-E422-45C3-820A-6239CDFFD693}.Debug|Any CPU.ActiveCfg = Debug|Any CPU
		{48DECFC9-E422-45C3-820A-6239CDFFD693}.Debug|Any CPU.Build.0 = Debug|Any CPU
		{48DECFC9-E422-45C3-820A-6239CDFFD693}.Release|Any CPU.ActiveCfg = Release|Any CPU
		{48DECFC9-E422-45C3-820A-6239CDFFD693}.Release|Any CPU.Build.0 = Release|Any CPU
	EndGlobalSection
	GlobalSection(SolutionProperties) = preSolution
		HideSolutionNode = FALSE
	EndGlobalSection
	GlobalSection(NestedProjects) = preSolution
		{D54FB22A-6D9D-4F09-96B5-D3641E15C132} = {F93C1A8B-7293-42D9-98B2-2B6CA474C7DF}
	EndGlobalSection
	GlobalSection(ExtensibilityGlobals) = postSolution
		SolutionGuid = {1EC71C80-15AA-4345-A880-91A28FF87613}
	EndGlobalSection
EndGlobal
